# THIS IS AN AUTOGENERATED FILE. DO NOT EDIT THIS FILE DIRECTLY.
# yarn lockfile v1


openseadragon-rails@^1.0.17:
  version "1.0.17"
  resolved "https://registry.yarnpkg.com/openseadragon-rails/-/openseadragon-rails-1.0.17.tgz#6402cd37c4f3d42e87c19f4a5900ae8be854cd52"
  integrity sha512-uoN9GytvR6LqSUA7W7sEUY4GEJmQQ0RMjVI8e1n6RUS9AoW+R1R4p+dNrp/x85a0y3t9CCgivhWJbKi76UB2ug==
  dependencies:
    openseadragon "^5.0.1"

openseadragon@^5.0.1:
  version "5.0.1"
  resolved "https://registry.yarnpkg.com/openseadragon/-/openseadragon-5.0.1.tgz#ad3aaccc6c0f733c3153131e9af05bc2e17a1952"
  integrity sha512-a/hjouW9i3UfWxRADVYN2MyRhXMGnE7x9VVL7/4jXCcDLFyO4UM5o4RStYtqa5BfaHw/wMNAaD2WbxQF8f1pJg==
